
Microsoft Visual Studio Solution File, Format Version 12.00
# Visual Studio Version 17
VisualStudioVersion = 17.11.35312.102
MinimumVisualStudioVersion = 10.0.40219.1
Project("{FAE04EC0-301F-11D3-BF4B-00C04F79EFBC}") = "GestionDB", "GestionDB\GestionDB.csproj", "{B49D7CF2-FF63-4EE0-ACFD-D130C4324619}"
EndProject
Global
	GlobalSection(SolutionConfigurationPlatforms) = preSolution
		Debug|Any CPU = Debug|Any CPU
		Release|Any CPU = Release|Any CPU
	EndGlobalSection
	GlobalSection(ProjectConfigurationPlatforms) = postSolution
		{B49D7CF2-FF63-4EE0-ACFD-D130C4324619}.Debug|Any CPU.ActiveCfg = Debug|Any CPU
		{B49D7CF2-FF63-4EE0-ACFD-D130C4324619}.Debug|Any CPU.Build.0 = Debug|Any CPU
		{B49D7CF2-FF63-4EE0-ACFD-D130C4324619}.Release|Any CPU.ActiveCfg = Release|Any CPU
		{B49D7CF2-FF63-4EE0-ACFD-D130C4324619}.Release|Any CPU.Build.0 = Release|Any CPU
	EndGlobalSection
	GlobalSection(SolutionProperties) = preSolution
		HideSolutionNode = FALSE
	EndGlobalSection
	GlobalSection(ExtensibilityGlobals) = postSolution
		SolutionGuid = {2989D625-9C1B-49B6-B054-525F7787792C}
	EndGlobalSection
EndGlobal
